schema: '2.0'
stages:
  preprocess:
    cmd: python src/preprocess.py
    deps:
    - path: data/raw/dataset.csv
      hash: md5
      md5: 1bf2228a2f1cfdf8323dc3242aa79e09
      size: 7121844
    - path: src/preprocess.py
      hash: md5
      md5: 7af7ad389ec6bd64ac169d20ec9eb0fe
      size: 2062
    outs:
    - path: data/processed/features.csv
      hash: md5
      md5: c0ce354e73986a41acb2fc3d02f6b5af
      size: 38339
